
Microsoft Visual Studio Solution File, Format Version 12.00
# Visual Studio Version 17
VisualStudioVersion = 17.1.32228.430
MinimumVisualStudioVersion = 10.0.40219.1
Project("{FAE04EC0-301F-11D3-BF4B-00C04F79EFBC}") = "VoteMovie", "VoteMovie.csproj", "{FAAA301A-0275-4420-9F9D-A1B67C7AC7EA}"
EndProject
Global
	GlobalSection(SolutionConfigurationPlatforms) = preSolution
		Debug|Any CPU = Debug|Any CPU
		Release|Any CPU = Release|Any CPU
	EndGlobalSection
	GlobalSection(ProjectConfigurationPlatforms) = postSolution
		{FAAA301A-0275-4420-9F9D-A1B67C7AC7EA}.Debug|Any CPU.ActiveCfg = Debug|Any CPU
		{FAAA301A-0275-4420-9F9D-A1B67C7AC7EA}.Debug|Any CPU.Build.0 = Debug|Any CPU
		{FAAA301A-0275-4420-9F9D-A1B67C7AC7EA}.Release|Any CPU.ActiveCfg = Release|Any CPU
		{FAAA301A-0275-4420-9F9D-A1B67C7AC7EA}.Release|Any CPU.Build.0 = Release|Any CPU
	EndGlobalSection
	GlobalSection(SolutionProperties) = preSolution
		HideSolutionNode = FALSE
	EndGlobalSection
	GlobalSection(ExtensibilityGlobals) = postSolution
		SolutionGuid = {7705EDB8-D85E-4E84-A988-F2E8EDA6011B}
	EndGlobalSection
EndGlobal
